
Microsoft Visual Studio Solution File, Format Version 12.00
# Visual Studio Version 16
VisualStudioVersion = 16.0.31424.327
MinimumVisualStudioVersion = 10.0.40219.1
Project("{FAE04EC0-301F-11D3-BF4B-00C04F79EFBC}") = "015", "015.csproj", "{708DE323-BC05-43D5-A5EE-ED8A8301D974}"
EndProject
Global
	GlobalSection(SolutionConfigurationPlatforms) = preSolution
		Debug|Any CPU = Debug|Any CPU
		Release|Any CPU = Release|Any CPU
	EndGlobalSection
	GlobalSection(ProjectConfigurationPlatforms) = postSolution
		{708DE323-BC05-43D5-A5EE-ED8A8301D974}.Debug|Any CPU.ActiveCfg = Debug|Any CPU
		{708DE323-BC05-43D5-A5EE-ED8A8301D974}.Debug|Any CPU.Build.0 = Debug|Any CPU
		{708DE323-BC05-43D5-A5EE-ED8A8301D974}.Release|Any CPU.ActiveCfg = Release|Any CPU
		{708DE323-BC05-43D5-A5EE-ED8A8301D974}.Release|Any CPU.Build.0 = Release|Any CPU
	EndGlobalSection
	GlobalSection(SolutionProperties) = preSolution
		HideSolutionNode = FALSE
	EndGlobalSection
	GlobalSection(ExtensibilityGlobals) = postSolution
		SolutionGuid = {001421FB-25A7-455C-99C2-77771087EC1B}
	EndGlobalSection
EndGlobal
