
Microsoft Visual Studio Solution File, Format Version 12.00
# Visual Studio Version 16
VisualStudioVersion = 16.0.31410.357
MinimumVisualStudioVersion = 10.0.40219.1
Project("{FAE04EC0-301F-11D3-BF4B-00C04F79EFBC}") = "003", "003.csproj", "{66EA2607-4CF0-4818-B65A-A4BACA38702F}"
EndProject
Global
	GlobalSection(SolutionConfigurationPlatforms) = preSolution
		Debug|Any CPU = Debug|Any CPU
		Release|Any CPU = Release|Any CPU
	EndGlobalSection
	GlobalSection(ProjectConfigurationPlatforms) = postSolution
		{66EA2607-4CF0-4818-B65A-A4BACA38702F}.Debug|Any CPU.ActiveCfg = Debug|Any CPU
		{66EA2607-4CF0-4818-B65A-A4BACA38702F}.Debug|Any CPU.Build.0 = Debug|Any CPU
		{66EA2607-4CF0-4818-B65A-A4BACA38702F}.Release|Any CPU.ActiveCfg = Release|Any CPU
		{66EA2607-4CF0-4818-B65A-A4BACA38702F}.Release|Any CPU.Build.0 = Release|Any CPU
	EndGlobalSection
	GlobalSection(SolutionProperties) = preSolution
		HideSolutionNode = FALSE
	EndGlobalSection
	GlobalSection(ExtensibilityGlobals) = postSolution
		SolutionGuid = {477FD21C-5DD4-4110-A84B-099F3D4ADD16}
	EndGlobalSection
EndGlobal
